{
  "originHash" : "92f975aa067fed537a666ff5ac4b57f80ca0446e1e31e4b8ff601d909b24fd1b",
  "pins" : [
    {
      "identity" : "cbass",
      "kind" : "remoteSourceControl",
      "location" : "https://github.com/BegoniaHe/CBass",
      "state" : {
        "branch" : "cxx-interop-fix",
        "revision" : "5f3dc0dbe7cac30fa175b11038313cec69e2d724"
      }
    },
    {
      "identity" : "grdb.swift",
      "kind" : "remoteSourceControl",
      "location" : "https://github.com/groue/GRDB.swift.git",
      "state" : {
        "revision" : "18497b68fdbb3a09528d260a0a0e1e7e61c8c53d",
        "version" : "7.8.0"
      }
    },
    {
      "identity" : "lyra",
      "kind" : "remoteSourceControl",
      "location" : "https://github.com/BegoniaHe/Lyra",
      "state" : {
        "branch" : "main",
        "revision" : "420a21a7b05ee6efa5d2b546d770f8e648611e03"
      }
    },
    {
      "identity" : "sparkle",
      "kind" : "remoteSourceControl",
      "location" : "https://github.com/sparkle-project/Sparkle",
      "state" : {
        "revision" : "5581748cef2bae787496fe6d61139aebe0a451f6",
        "version" : "2.8.1"
      }
    },
    {
      "identity" : "swift-foundation-icu",
      "kind" : "remoteSourceControl",
      "location" : "https://github.com/swiftlang/swift-foundation-icu",
      "state" : {
        "branch" : "main",
        "revision" : "a92f6aecbfdf4de9b7e18f1b63bf471e5a63a9c5"
      }
    }
  ],
  "version" : 3
}
